
Microsoft Visual Studio Solution File, Format Version 12.00
# Visual Studio 15
VisualStudioVersion = 15.0.27703.2000
MinimumVisualStudioVersion = 10.0.40219.1
Project("{FAE04EC0-301F-11D3-BF4B-00C04F79EFBC}") = "compass.Android", "compass\compass.Android\compass.Android.csproj", "{D337F8B3-5A19-4049-A316-8703FC4D7D32}"
EndProject
Project("{FAE04EC0-301F-11D3-BF4B-00C04F79EFBC}") = "compass.iOS", "compass\compass.iOS\compass.iOS.csproj", "{24DA0CEC-E1A7-474A-977B-ECFC1F7BDF2A}"
EndProject
Project("{FAE04EC0-301F-11D3-BF4B-00C04F79EFBC}") = "compass.UWP", "compass\compass.UWP\compass.UWP.csproj", "{13257879-7E6C-4761-9CA8-E7E2A6BD0095}"
EndProject
Project("{9A19103F-16F7-4668-BE54-9A1E7A4F7556}") = "compass", "compass\compass\compass.csproj", "{CBAB2A9B-1AC2-4A12-A30C-0B489BE671C4}"
EndProject
Global
	GlobalSection(SolutionConfigurationPlatforms) = preSolution
		Ad-Hoc|Any CPU = Ad-Hoc|Any CPU
		Ad-Hoc|ARM = Ad-Hoc|ARM
		Ad-Hoc|iPhone = Ad-Hoc|iPhone
		Ad-Hoc|iPhoneSimulator = Ad-Hoc|iPhoneSimulator
		Ad-Hoc|x64 = Ad-Hoc|x64
		Ad-Hoc|x86 = Ad-Hoc|x86
		AppStore|Any CPU = AppStore|Any CPU
		AppStore|ARM = AppStore|ARM
		AppStore|iPhone = AppStore|iPhone
		AppStore|iPhoneSimulator = AppStore|iPhoneSimulator
		AppStore|x64 = AppStore|x64
		AppStore|x86 = AppStore|x86
		Debug|Any CPU = Debug|Any CPU
		Debug|ARM = Debug|ARM
		Debug|iPhone = Debug|iPhone
		Debug|iPhoneSimulator = Debug|iPhoneSimulator
		Debug|x64 = Debug|x64
		Debug|x86 = Debug|x86
		Release|Any CPU = Release|Any CPU
		Release|ARM = Release|ARM
		Release|iPhone = Release|iPhone
		Release|iPhoneSimulator = Release|iPhoneSimulator
		Release|x64 = Release|x64
		Release|x86 = Release|x86
	EndGlobalSection
	GlobalSection(ProjectConfigurationPlatforms) = postSolution
		{D337F8B3-5A19-4049-A316-8703FC4D7D32}.Ad-Hoc|Any CPU.ActiveCfg = Release|Any CPU
		{D337F8B3-5A19-4049-A316-8703FC4D7D32}.Ad-Hoc|Any CPU.Build.0 = Release|Any CPU
		{D337F8B3-5A19-4049-A316-8703FC4D7D32}.Ad-Hoc|Any CPU.Deploy.0 = Release|Any CPU
		{D337F8B3-5A19-4049-A316-8703FC4D7D32}.Ad-Hoc|ARM.ActiveCfg = Release|Any CPU
		{D337F8B3-5A19-4049-A316-8703FC4D7D32}.Ad-Hoc|ARM.Build.0 = Release|Any CPU
		{D337F8B3-5A19-4049-A316-8703FC4D7D32}.Ad-Hoc|ARM.Deploy.0 = Release|Any CPU
		{D337F8B3-5A19-4049-A316-8703FC4D7D32}.Ad-Hoc|iPhone.ActiveCfg = Release|Any CPU
		{D337F8B3-5A19-4049-A316-8703FC4D7D32}.Ad-Hoc|iPhone.Build.0 = Release|Any CPU
		{D337F8B3-5A19-4049-A316-8703FC4D7D32}.Ad-Hoc|iPhone.Deploy.0 = Release|Any CPU
		{D337F8B3-5A19-4049-A316-8703FC4D7D32}.Ad-Hoc|iPhoneSimulator.ActiveCfg = Release|Any CPU
		{D337F8B3-5A19-4049-A316-8703FC4D7D32}.Ad-Hoc|iPhoneSimulator.Build.0 = Release|Any CPU
		{D337F8B3-5A19-4049-A316-8703FC4D7D32}.Ad-Hoc|iPhoneSimulator.Deploy.0 = Release|Any CPU
		{D337F8B3-5A19-4049-A316-8703FC4D7D32}.Ad-Hoc|x64.ActiveCfg = Release|Any CPU
		{D337F8B3-5A19-4049-A316-8703FC4D7D32}.Ad-Hoc|x64.Build.0 = Release|Any CPU
		{D337F8B3-5A19-4049-A316-8703FC4D7D32}.Ad-Hoc|x64.Deploy.0 = Release|Any CPU
		{D337F8B3-5A19-4049-A316-8703FC4D7D32}.Ad-Hoc|x86.ActiveCfg = Release|Any CPU
		{D337F8B3-5A19-4049-A316-8703FC4D7D32}.Ad-Hoc|x86.Build.0 = Release|Any CPU
		{D337F8B3-5A19-4049-A316-8703FC4D7D32}.Ad-Hoc|x86.Deploy.0 = Release|Any CPU
		{D337F8B3-5A19-4049-A316-8703FC4D7D32}.AppStore|Any CPU.ActiveCfg = Release|Any CPU
		{D337F8B3-5A19-4049-A316-8703FC4D7D32}.AppStore|Any CPU.Build.0 = Release|Any CPU
		{D337F8B3-5A19-4049-A316-8703FC4D7D32}.AppStore|Any CPU.Deploy.0 = Release|Any CPU
		{D337F8B3-5A19-4049-A316-8703FC4D7D32}.AppStore|ARM.ActiveCfg = Release|Any CPU
		{D337F8B3-5A19-4049-A316-8703FC4D7D32}.AppStore|ARM.Build.0 = Release|Any CPU
		{D337F8B3-5A19-4049-A316-8703FC4D7D32}.AppStore|ARM.Deploy.0 = Release|Any CPU
		{D337F8B3-5A19-4049-A316-8703FC4D7D32}.AppStore|iPhone.ActiveCfg = Release|Any CPU
		{D337F8B3-5A19-4049-A316-8703FC4D7D32}.AppStore|iPhone.Build.0 = Release|Any CPU
		{D337F8B3-5A19-4049-A316-8703FC4D7D32}.AppStore|iPhone.Deploy.0 = Release|Any CPU
		{D337F8B3-5A19-4049-A316-8703FC4D7D32}.AppStore|iPhoneSimulator.ActiveCfg = Release|Any CPU
		{D337F8B3-5A19-4049-A316-8703FC4D7D32}.AppStore|iPhoneSimulator.Build.0 = Release|Any CPU
		{D337F8B3-5A19-4049-A316-8703FC4D7D32}.AppStore|iPhoneSimulator.Deploy.0 = Release|Any CPU
		{D337F8B3-5A19-4049-A316-8703FC4D7D32}.AppStore|x64.ActiveCfg = Release|Any CPU
		{D337F8B3-5A19-4049-A316-8703FC4D7D32}.AppStore|x64.Build.0 = Release|Any CPU
		{D337F8B3-5A19-4049-A316-8703FC4D7D32}.AppStore|x64.Deploy.0 = Release|Any CPU
		{D337F8B3-5A19-4049-A316-8703FC4D7D32}.AppStore|x86.ActiveCfg = Release|Any CPU
		{D337F8B3-5A19-4049-A316-8703FC4D7D32}.AppStore|x86.Build.0 = Release|Any CPU
		{D337F8B3-5A19-4049-A316-8703FC4D7D32}.AppStore|x86.Deploy.0 = Release|Any CPU
		{D337F8B3-5A19-4049-A316-8703FC4D7D32}.Debug|Any CPU.ActiveCfg = Debug|Any CPU
		{D337F8B3-5A19-4049-A316-8703FC4D7D32}.Debug|Any CPU.Build.0 = Debug|Any CPU
		{D337F8B3-5A19-4049-A316-8703FC4D7D32}.Debug|Any CPU.Deploy.0 = Debug|Any CPU
		{D337F8B3-5A19-4049-A316-8703FC4D7D32}.Debug|ARM.ActiveCfg = Debug|Any CPU
		{D337F8B3-5A19-4049-A316-8703FC4D7D32}.Debug|ARM.Build.0 = Debug|Any CPU
		{D337F8B3-5A19-4049-A316-8703FC4D7D32}.Debug|ARM.Deploy.0 = Debug|Any CPU
		{D337F8B3-5A19-4049-A316-8703FC4D7D32}.Debug|iPhone.ActiveCfg = Debug|Any CPU
		{D337F8B3-5A19-4049-A316-8703FC4D7D32}.Debug|iPhone.Build.0 = Debug|Any CPU
		{D337F8B3-5A19-4049-A316-8703FC4D7D32}.Debug|iPhone.Deploy.0 = Debug|Any CPU
		{D337F8B3-5A19-4049-A316-8703FC4D7D32}.Debug|iPhoneSimulator.ActiveCfg = Debug|Any CPU
		{D337F8B3-5A19-4049-A316-8703FC4D7D32}.Debug|iPhoneSimulator.Build.0 = Debug|Any CPU
		{D337F8B3-5A19-4049-A316-8703FC4D7D32}.Debug|iPhoneSimulator.Deploy.0 = Debug|Any CPU
		{D337F8B3-5A19-4049-A316-8703FC4D7D32}.Debug|x64.ActiveCfg = Debug|Any CPU
		{D337F8B3-5A19-4049-A316-8703FC4D7D32}.Debug|x64.Build.0 = Debug|Any CPU
		{D337F8B3-5A19-4049-A316-8703FC4D7D32}.Debug|x64.Deploy.0 = Debug|Any CPU
		{D337F8B3-5A19-4049-A316-8703FC4D7D32}.Debug|x86.ActiveCfg = Debug|Any CPU
		{D337F8B3-5A19-4049-A316-8703FC4D7D32}.Debug|x86.Build.0 = Debug|Any CPU
		{D337F8B3-5A19-4049-A316-8703FC4D7D32}.Debug|x86.Deploy.0 = Debug|Any CPU
		{D337F8B3-5A19-4049-A316-8703FC4D7D32}.Release|Any CPU.ActiveCfg = Release|Any CPU
		{D337F8B3-5A19-4049-A316-8703FC4D7D32}.Release|Any CPU.Build.0 = Release|Any CPU
		{D337F8B3-5A19-4049-A316-8703FC4D7D32}.Release|Any CPU.Deploy.0 = Release|Any CPU
		{D337F8B3-5A19-4049-A316-8703FC4D7D32}.Release|ARM.ActiveCfg = Release|Any CPU
		{D337F8B3-5A19-4049-A316-8703FC4D7D32}.Release|ARM.Build.0 = Release|Any CPU
		{D337F8B3-5A19-4049-A316-8703FC4D7D32}.Release|ARM.Deploy.0 = Release|Any CPU
		{D337F8B3-5A19-4049-A316-8703FC4D7D32}.Release|iPhone.ActiveCfg = Release|Any CPU
		{D337F8B3-5A19-4049-A316-8703FC4D7D32}.Release|iPhone.Build.0 = Release|Any CPU
		{D337F8B3-5A19-4049-A316-8703FC4D7D32}.Release|iPhone.Deploy.0 = Release|Any CPU
		{D337F8B3-5A19-4049-A316-8703FC4D7D32}.Release|iPhoneSimulator.ActiveCfg = Release|Any CPU
		{D337F8B3-5A19-4049-A316-8703FC4D7D32}.Release|iPhoneSimulator.Build.0 = Release|Any CPU
		{D337F8B3-5A19-4049-A316-8703FC4D7D32}.Release|iPhoneSimulator.Deploy.0 = Release|Any CPU
		{D337F8B3-5A19-4049-A316-8703FC4D7D32}.Release|x64.ActiveCfg = Release|Any CPU
		{D337F8B3-5A19-4049-A316-8703FC4D7D32}.Release|x64.Build.0 = Release|Any CPU
		{D337F8B3-5A19-4049-A316-8703FC4D7D32}.Release|x64.Deploy.0 = Release|Any CPU
		{D337F8B3-5A19-4049-A316-8703FC4D7D32}.Release|x86.ActiveCfg = Release|Any CPU
		{D337F8B3-5A19-4049-A316-8703FC4D7D32}.Release|x86.Build.0 = Release|Any CPU
		{D337F8B3-5A19-4049-A316-8703FC4D7D32}.Release|x86.Deploy.0 = Release|Any CPU
		{24DA0CEC-E1A7-474A-977B-ECFC1F7BDF2A}.Ad-Hoc|Any CPU.ActiveCfg = Ad-Hoc|iPhone
		{24DA0CEC-E1A7-474A-977B-ECFC1F7BDF2A}.Ad-Hoc|Any CPU.Build.0 = Ad-Hoc|iPhone
		{24DA0CEC-E1A7-474A-977B-ECFC1F7BDF2A}.Ad-Hoc|Any CPU.Deploy.0 = Ad-Hoc|iPhone
		{24DA0CEC-E1A7-474A-977B-ECFC1F7BDF2A}.Ad-Hoc|ARM.ActiveCfg = Ad-Hoc|iPhone
		{24DA0CEC-E1A7-474A-977B-ECFC1F7BDF2A}.Ad-Hoc|ARM.Build.0 = Ad-Hoc|iPhone
		{24DA0CEC-E1A7-474A-977B-ECFC1F7BDF2A}.Ad-Hoc|ARM.Deploy.0 = Ad-Hoc|iPhone
		{24DA0CEC-E1A7-474A-977B-ECFC1F7BDF2A}.Ad-Hoc|iPhone.ActiveCfg = Ad-Hoc|iPhone
		{24DA0CEC-E1A7-474A-977B-ECFC1F7BDF2A}.Ad-Hoc|iPhone.Build.0 = Ad-Hoc|iPhone
		{24DA0CEC-E1A7-474A-977B-ECFC1F7BDF2A}.Ad-Hoc|iPhone.Deploy.0 = Ad-Hoc|iPhone
		{24DA0CEC-E1A7-474A-977B-ECFC1F7BDF2A}.Ad-Hoc|iPhoneSimulator.ActiveCfg = Ad-Hoc|iPhoneSimulator
		{24DA0CEC-E1A7-474A-977B-ECFC1F7BDF2A}.Ad-Hoc|iPhoneSimulator.Build.0 = Ad-Hoc|iPhoneSimulator
		{24DA0CEC-E1A7-474A-977B-ECFC1F7BDF2A}.Ad-Hoc|iPhoneSimulator.Deploy.0 = Ad-Hoc|iPhoneSimulator
		{24DA0CEC-E1A7-474A-977B-ECFC1F7BDF2A}.Ad-Hoc|x64.ActiveCfg = Ad-Hoc|iPhone
		{24DA0CEC-E1A7-474A-977B-ECFC1F7BDF2A}.Ad-Hoc|x64.Build.0 = Ad-Hoc|iPhone
		{24DA0CEC-E1A7-474A-977B-ECFC1F7BDF2A}.Ad-Hoc|x64.Deploy.0 = Ad-Hoc|iPhone
		{24DA0CEC-E1A7-474A-977B-ECFC1F7BDF2A}.Ad-Hoc|x86.ActiveCfg = Ad-Hoc|iPhone
		{24DA0CEC-E1A7-474A-977B-ECFC1F7BDF2A}.Ad-Hoc|x86.Build.0 = Ad-Hoc|iPhone
		{24DA0CEC-E1A7-474A-977B-ECFC1F7BDF2A}.Ad-Hoc|x86.Deploy.0 = Ad-Hoc|iPhone
		{24DA0CEC-E1A7-474A-977B-ECFC1F7BDF2A}.AppStore|Any CPU.ActiveCfg = AppStore|iPhone
		{24DA0CEC-E1A7-474A-977B-ECFC1F7BDF2A}.AppStore|Any CPU.Build.0 = AppStore|iPhone
		{24DA0CEC-E1A7-474A-977B-ECFC1F7BDF2A}.AppStore|Any CPU.Deploy.0 = AppStore|iPhone
		{24DA0CEC-E1A7-474A-977B-ECFC1F7BDF2A}.AppStore|ARM.ActiveCfg = AppStore|iPhone
		{24DA0CEC-E1A7-474A-977B-ECFC1F7BDF2A}.AppStore|ARM.Build.0 = AppStore|iPhone
		{24DA0CEC-E1A7-474A-977B-ECFC1F7BDF2A}.AppStore|ARM.Deploy.0 = AppStore|iPhone
		{24DA0CEC-E1A7-474A-977B-ECFC1F7BDF2A}.AppStore|iPhone.ActiveCfg = AppStore|iPhone
		{24DA0CEC-E1A7-474A-977B-ECFC1F7BDF2A}.AppStore|iPhone.Build.0 = AppStore|iPhone
		{24DA0CEC-E1A7-474A-977B-ECFC1F7BDF2A}.AppStore|iPhone.Deploy.0 = AppStore|iPhone
		{24DA0CEC-E1A7-474A-977B-ECFC1F7BDF2A}.AppStore|iPhoneSimulator.ActiveCfg = AppStore|iPhoneSimulator
		{24DA0CEC-E1A7-474A-977B-ECFC1F7BDF2A}.AppStore|iPhoneSimulator.Build.0 = AppStore|iPhoneSimulator
		{24DA0CEC-E1A7-474A-977B-ECFC1F7BDF2A}.AppStore|iPhoneSimulator.Deploy.0 = AppStore|iPhoneSimulator
		{24DA0CEC-E1A7-474A-977B-ECFC1F7BDF2A}.AppStore|x64.ActiveCfg = AppStore|iPhone
		{24DA0CEC-E1A7-474A-977B-ECFC1F7BDF2A}.AppStore|x64.Build.0 = AppStore|iPhone
		{24DA0CEC-E1A7-474A-977B-ECFC1F7BDF2A}.AppStore|x64.Deploy.0 = AppStore|iPhone
		{24DA0CEC-E1A7-474A-977B-ECFC1F7BDF2A}.AppStore|x86.ActiveCfg = AppStore|iPhone
		{24DA0CEC-E1A7-474A-977B-ECFC1F7BDF2A}.AppStore|x86.Build.0 = AppStore|iPhone
		{24DA0CEC-E1A7-474A-977B-ECFC1F7BDF2A}.AppStore|x86.Deploy.0 = AppStore|iPhone
		{24DA0CEC-E1A7-474A-977B-ECFC1F7BDF2A}.Debug|Any CPU.ActiveCfg = Debug|iPhoneSimulator
		{24DA0CEC-E1A7-474A-977B-ECFC1F7BDF2A}.Debug|Any CPU.Deploy.0 = Debug|iPhoneSimulator
		{24DA0CEC-E1A7-474A-977B-ECFC1F7BDF2A}.Debug|ARM.ActiveCfg = Debug|iPhone
		{24DA0CEC-E1A7-474A-977B-ECFC1F7BDF2A}.Debug|ARM.Build.0 = Debug|iPhone
		{24DA0CEC-E1A7-474A-977B-ECFC1F7BDF2A}.Debug|ARM.Deploy.0 = Debug|iPhone
		{24DA0CEC-E1A7-474A-977B-ECFC1F7BDF2A}.Debug|iPhone.ActiveCfg = Debug|iPhone
		{24DA0CEC-E1A7-474A-977B-ECFC1F7BDF2A}.Debug|iPhone.Build.0 = Debug|iPhone
		{24DA0CEC-E1A7-474A-977B-ECFC1F7BDF2A}.Debug|iPhone.Deploy.0 = Debug|iPhone
		{24DA0CEC-E1A7-474A-977B-ECFC1F7BDF2A}.Debug|iPhoneSimulator.ActiveCfg = Debug|iPhoneSimulator
		{24DA0CEC-E1A7-474A-977B-ECFC1F7BDF2A}.Debug|iPhoneSimulator.Build.0 = Debug|iPhoneSimulator
		{24DA0CEC-E1A7-474A-977B-ECFC1F7BDF2A}.Debug|iPhoneSimulator.Deploy.0 = Debug|iPhoneSimulator
		{24DA0CEC-E1A7-474A-977B-ECFC1F7BDF2A}.Debug|x64.ActiveCfg = Debug|iPhone
		{24DA0CEC-E1A7-474A-977B-ECFC1F7BDF2A}.Debug|x64.Build.0 = Debug|iPhone
		{24DA0CEC-E1A7-474A-977B-ECFC1F7BDF2A}.Debug|x64.Deploy.0 = Debug|iPhone
		{24DA0CEC-E1A7-474A-977B-ECFC1F7BDF2A}.Debug|x86.ActiveCfg = Debug|iPhone
		{24DA0CEC-E1A7-474A-977B-ECFC1F7BDF2A}.Debug|x86.Build.0 = Debug|iPhone
		{24DA0CEC-E1A7-474A-977B-ECFC1F7BDF2A}.Debug|x86.Deploy.0 = Debug|iPhone
		{24DA0CEC-E1A7-474A-977B-ECFC1F7BDF2A}.Release|Any CPU.ActiveCfg = Release|iPhone
		{24DA0CEC-E1A7-474A-977B-ECFC1F7BDF2A}.Release|Any CPU.Build.0 = Release|iPhone
		{24DA0CEC-E1A7-474A-977B-ECFC1F7BDF2A}.Release|Any CPU.Deploy.0 = Release|iPhone
		{24DA0CEC-E1A7-474A-977B-ECFC1F7BDF2A}.Release|ARM.ActiveCfg = Release|iPhone
		{24DA0CEC-E1A7-474A-977B-ECFC1F7BDF2A}.Release|ARM.Build.0 = Release|iPhone
		{24DA0CEC-E1A7-474A-977B-ECFC1F7BDF2A}.Release|ARM.Deploy.0 = Release|iPhone
		{24DA0CEC-E1A7-474A-977B-ECFC1F7BDF2A}.Release|iPhone.ActiveCfg = Release|iPhone
		{24DA0CEC-E1A7-474A-977B-ECFC1F7BDF2A}.Release|iPhone.Build.0 = Release|iPhone
		{24DA0CEC-E1A7-474A-977B-ECFC1F7BDF2A}.Release|iPhone.Deploy.0 = Release|iPhone
		{24DA0CEC-E1A7-474A-977B-ECFC1F7BDF2A}.Release|iPhoneSimulator.ActiveCfg = Release|iPhoneSimulator
		{24DA0CEC-E1A7-474A-977B-ECFC1F7BDF2A}.Release|iPhoneSimulator.Build.0 = Release|iPhoneSimulator
		{24DA0CEC-E1A7-474A-977B-ECFC1F7BDF2A}.Release|iPhoneSimulator.Deploy.0 = Release|iPhoneSimulator
		{24DA0CEC-E1A7-474A-977B-ECFC1F7BDF2A}.Release|x64.ActiveCfg = Release|iPhone
		{24DA0CEC-E1A7-474A-977B-ECFC1F7BDF2A}.Release|x64.Build.0 = Release|iPhone
		{24DA0CEC-E1A7-474A-977B-ECFC1F7BDF2A}.Release|x64.Deploy.0 = Release|iPhone
		{24DA0CEC-E1A7-474A-977B-ECFC1F7BDF2A}.Release|x86.ActiveCfg = Release|iPhone
		{24DA0CEC-E1A7-474A-977B-ECFC1F7BDF2A}.Release|x86.Build.0 = Release|iPhone
		{24DA0CEC-E1A7-474A-977B-ECFC1F7BDF2A}.Release|x86.Deploy.0 = Release|iPhone
		{13257879-7E6C-4761-9CA8-E7E2A6BD0095}.Ad-Hoc|Any CPU.ActiveCfg = Release|x86
		{13257879-7E6C-4761-9CA8-E7E2A6BD0095}.Ad-Hoc|Any CPU.Build.0 = Release|x86
		{13257879-7E6C-4761-9CA8-E7E2A6BD0095}.Ad-Hoc|Any CPU.Deploy.0 = Release|x86
		{13257879-7E6C-4761-9CA8-E7E2A6BD0095}.Ad-Hoc|ARM.ActiveCfg = Release|ARM
		{13257879-7E6C-4761-9CA8-E7E2A6BD0095}.Ad-Hoc|ARM.Build.0 = Release|ARM
		{13257879-7E6C-4761-9CA8-E7E2A6BD0095}.Ad-Hoc|ARM.Deploy.0 = Release|ARM
		{13257879-7E6C-4761-9CA8-E7E2A6BD0095}.Ad-Hoc|iPhone.ActiveCfg = Release|x86
		{13257879-7E6C-4761-9CA8-E7E2A6BD0095}.Ad-Hoc|iPhone.Build.0 = Release|x86
		{13257879-7E6C-4761-9CA8-E7E2A6BD0095}.Ad-Hoc|iPhone.Deploy.0 = Release|x86
		{13257879-7E6C-4761-9CA8-E7E2A6BD0095}.Ad-Hoc|iPhoneSimulator.ActiveCfg = Release|x86
		{13257879-7E6C-4761-9CA8-E7E2A6BD0095}.Ad-Hoc|iPhoneSimulator.Build.0 = Release|x86
		{13257879-7E6C-4761-9CA8-E7E2A6BD0095}.Ad-Hoc|iPhoneSimulator.Deploy.0 = Release|x86
		{13257879-7E6C-4761-9CA8-E7E2A6BD0095}.Ad-Hoc|x64.ActiveCfg = Release|x64
		{13257879-7E6C-4761-9CA8-E7E2A6BD0095}.Ad-Hoc|x64.Build.0 = Release|x64
		{13257879-7E6C-4761-9CA8-E7E2A6BD0095}.Ad-Hoc|x64.Deploy.0 = Release|x64
		{13257879-7E6C-4761-9CA8-E7E2A6BD0095}.Ad-Hoc|x86.ActiveCfg = Release|x86
		{13257879-7E6C-4761-9CA8-E7E2A6BD0095}.Ad-Hoc|x86.Build.0 = Release|x86
		{13257879-7E6C-4761-9CA8-E7E2A6BD0095}.Ad-Hoc|x86.Deploy.0 = Release|x86
		{13257879-7E6C-4761-9CA8-E7E2A6BD0095}.AppStore|Any CPU.ActiveCfg = Release|x86
		{13257879-7E6C-4761-9CA8-E7E2A6BD0095}.AppStore|Any CPU.Build.0 = Release|x86
		{13257879-7E6C-4761-9CA8-E7E2A6BD0095}.AppStore|Any CPU.Deploy.0 = Release|x86
		{13257879-7E6C-4761-9CA8-E7E2A6BD0095}.AppStore|ARM.ActiveCfg = Release|ARM
		{13257879-7E6C-4761-9CA8-E7E2A6BD0095}.AppStore|ARM.Build.0 = Release|ARM
		{13257879-7E6C-4761-9CA8-E7E2A6BD0095}.AppStore|ARM.Deploy.0 = Release|ARM
		{13257879-7E6C-4761-9CA8-E7E2A6BD0095}.AppStore|iPhone.ActiveCfg = Release|x86
		{13257879-7E6C-4761-9CA8-E7E2A6BD0095}.AppStore|iPhone.Build.0 = Release|x86
		{13257879-7E6C-4761-9CA8-E7E2A6BD0095}.AppStore|iPhone.Deploy.0 = Release|x86
		{13257879-7E6C-4761-9CA8-E7E2A6BD0095}.AppStore|iPhoneSimulator.ActiveCfg = Release|x86
		{13257879-7E6C-4761-9CA8-E7E2A6BD0095}.AppStore|iPhoneSimulator.Build.0 = Release|x86
		{13257879-7E6C-4761-9CA8-E7E2A6BD0095}.AppStore|iPhoneSimulator.Deploy.0 = Release|x86
		{13257879-7E6C-4761-9CA8-E7E2A6BD0095}.AppStore|x64.ActiveCfg = Release|x64
		{13257879-7E6C-4761-9CA8-E7E2A6BD0095}.AppStore|x64.Build.0 = Release|x64
		{13257879-7E6C-4761-9CA8-E7E2A6BD0095}.AppStore|x64.Deploy.0 = Release|x64
		{13257879-7E6C-4761-9CA8-E7E2A6BD0095}.AppStore|x86.ActiveCfg = Release|x86
		{13257879-7E6C-4761-9CA8-E7E2A6BD0095}.AppStore|x86.Build.0 = Release|x86
		{13257879-7E6C-4761-9CA8-E7E2A6BD0095}.AppStore|x86.Deploy.0 = Release|x86
		{13257879-7E6C-4761-9CA8-E7E2A6BD0095}.Debug|Any CPU.ActiveCfg = Debug|x86
		{13257879-7E6C-4761-9CA8-E7E2A6BD0095}.Debug|ARM.ActiveCfg = Debug|ARM
		{13257879-7E6C-4761-9CA8-E7E2A6BD0095}.Debug|ARM.Build.0 = Debug|ARM
		{13257879-7E6C-4761-9CA8-E7E2A6BD0095}.Debug|ARM.Deploy.0 = Debug|ARM
		{13257879-7E6C-4761-9CA8-E7E2A6BD0095}.Debug|iPhone.ActiveCfg = Debug|x86
		{13257879-7E6C-4761-9CA8-E7E2A6BD0095}.Debug|iPhone.Build.0 = Debug|x86
		{13257879-7E6C-4761-9CA8-E7E2A6BD0095}.Debug|iPhone.Deploy.0 = Debug|x86
		{13257879-7E6C-4761-9CA8-E7E2A6BD0095}.Debug|iPhoneSimulator.ActiveCfg = Debug|x86
		{13257879-7E6C-4761-9CA8-E7E2A6BD0095}.Debug|iPhoneSimulator.Build.0 = Debug|x86
		{13257879-7E6C-4761-9CA8-E7E2A6BD0095}.Debug|iPhoneSimulator.Deploy.0 = Debug|x86
		{13257879-7E6C-4761-9CA8-E7E2A6BD0095}.Debug|x64.ActiveCfg = Debug|x64
		{13257879-7E6C-4761-9CA8-E7E2A6BD0095}.Debug|x64.Build.0 = Debug|x64
		{13257879-7E6C-4761-9CA8-E7E2A6BD0095}.Debug|x64.Deploy.0 = Debug|x64
		{13257879-7E6C-4761-9CA8-E7E2A6BD0095}.Debug|x86.ActiveCfg = Debug|x86
		{13257879-7E6C-4761-9CA8-E7E2A6BD0095}.Debug|x86.Build.0 = Debug|x86
		{13257879-7E6C-4761-9CA8-E7E2A6BD0095}.Debug|x86.Deploy.0 = Debug|x86
		{13257879-7E6C-4761-9CA8-E7E2A6BD0095}.Release|Any CPU.ActiveCfg = Release|x86
		{13257879-7E6C-4761-9CA8-E7E2A6BD0095}.Release|Any CPU.Build.0 = Release|x86
		{13257879-7E6C-4761-9CA8-E7E2A6BD0095}.Release|Any CPU.Deploy.0 = Release|x86
		{13257879-7E6C-4761-9CA8-E7E2A6BD0095}.Release|ARM.ActiveCfg = Release|ARM
		{13257879-7E6C-4761-9CA8-E7E2A6BD0095}.Release|ARM.Build.0 = Release|ARM
		{13257879-7E6C-4761-9CA8-E7E2A6BD0095}.Release|ARM.Deploy.0 = Release|ARM
		{13257879-7E6C-4761-9CA8-E7E2A6BD0095}.Release|iPhone.ActiveCfg = Release|x86
		{13257879-7E6C-4761-9CA8-E7E2A6BD0095}.Release|iPhone.Build.0 = Release|x86
		{13257879-7E6C-4761-9CA8-E7E2A6BD0095}.Release|iPhone.Deploy.0 = Release|x86
		{13257879-7E6C-4761-9CA8-E7E2A6BD0095}.Release|iPhoneSimulator.ActiveCfg = Release|x86
		{13257879-7E6C-4761-9CA8-E7E2A6BD0095}.Release|iPhoneSimulator.Build.0 = Release|x86
		{13257879-7E6C-4761-9CA8-E7E2A6BD0095}.Release|iPhoneSimulator.Deploy.0 = Release|x86
		{13257879-7E6C-4761-9CA8-E7E2A6BD0095}.Release|x64.ActiveCfg = Release|x64
		{13257879-7E6C-4761-9CA8-E7E2A6BD0095}.Release|x64.Build.0 = Release|x64
		{13257879-7E6C-4761-9CA8-E7E2A6BD0095}.Release|x64.Deploy.0 = Release|x64
		{13257879-7E6C-4761-9CA8-E7E2A6BD0095}.Release|x86.ActiveCfg = Release|x86
		{13257879-7E6C-4761-9CA8-E7E2A6BD0095}.Release|x86.Build.0 = Release|x86
		{13257879-7E6C-4761-9CA8-E7E2A6BD0095}.Release|x86.Deploy.0 = Release|x86
		{CBAB2A9B-1AC2-4A12-A30C-0B489BE671C4}.Ad-Hoc|Any CPU.ActiveCfg = Debug|Any CPU
		{CBAB2A9B-1AC2-4A12-A30C-0B489BE671C4}.Ad-Hoc|Any CPU.Build.0 = Debug|Any CPU
		{CBAB2A9B-1AC2-4A12-A30C-0B489BE671C4}.Ad-Hoc|Any CPU.Deploy.0 = Debug|Any CPU
		{CBAB2A9B-1AC2-4A12-A30C-0B489BE671C4}.Ad-Hoc|ARM.ActiveCfg = Debug|Any CPU
		{CBAB2A9B-1AC2-4A12-A30C-0B489BE671C4}.Ad-Hoc|ARM.Build.0 = Debug|Any CPU
		{CBAB2A9B-1AC2-4A12-A30C-0B489BE671C4}.Ad-Hoc|ARM.Deploy.0 = Debug|Any CPU
		{CBAB2A9B-1AC2-4A12-A30C-0B489BE671C4}.Ad-Hoc|iPhone.ActiveCfg = Debug|Any CPU
		{CBAB2A9B-1AC2-4A12-A30C-0B489BE671C4}.Ad-Hoc|iPhone.Build.0 = Debug|Any CPU
		{CBAB2A9B-1AC2-4A12-A30C-0B489BE671C4}.Ad-Hoc|iPhone.Deploy.0 = Debug|Any CPU
		{CBAB2A9B-1AC2-4A12-A30C-0B489BE671C4}.Ad-Hoc|iPhoneSimulator.ActiveCfg = Debug|Any CPU
		{CBAB2A9B-1AC2-4A12-A30C-0B489BE671C4}.Ad-Hoc|iPhoneSimulator.Build.0 = Debug|Any CPU
		{CBAB2A9B-1AC2-4A12-A30C-0B489BE671C4}.Ad-Hoc|iPhoneSimulator.Deploy.0 = Debug|Any CPU
		{CBAB2A9B-1AC2-4A12-A30C-0B489BE671C4}.Ad-Hoc|x64.ActiveCfg = Debug|Any CPU
		{CBAB2A9B-1AC2-4A12-A30C-0B489BE671C4}.Ad-Hoc|x64.Build.0 = Debug|Any CPU
		{CBAB2A9B-1AC2-4A12-A30C-0B489BE671C4}.Ad-Hoc|x64.Deploy.0 = Debug|Any CPU
		{CBAB2A9B-1AC2-4A12-A30C-0B489BE671C4}.Ad-Hoc|x86.ActiveCfg = Debug|Any CPU
		{CBAB2A9B-1AC2-4A12-A30C-0B489BE671C4}.Ad-Hoc|x86.Build.0 = Debug|Any CPU
		{CBAB2A9B-1AC2-4A12-A30C-0B489BE671C4}.Ad-Hoc|x86.Deploy.0 = Debug|Any CPU
		{CBAB2A9B-1AC2-4A12-A30C-0B489BE671C4}.AppStore|Any CPU.ActiveCfg = Debug|Any CPU
		{CBAB2A9B-1AC2-4A12-A30C-0B489BE671C4}.AppStore|Any CPU.Build.0 = Debug|Any CPU
		{CBAB2A9B-1AC2-4A12-A30C-0B489BE671C4}.AppStore|Any CPU.Deploy.0 = Debug|Any CPU
		{CBAB2A9B-1AC2-4A12-A30C-0B489BE671C4}.AppStore|ARM.ActiveCfg = Debug|Any CPU
		{CBAB2A9B-1AC2-4A12-A30C-0B489BE671C4}.AppStore|ARM.Build.0 = Debug|Any CPU
		{CBAB2A9B-1AC2-4A12-A30C-0B489BE671C4}.AppStore|ARM.Deploy.0 = Debug|Any CPU
		{CBAB2A9B-1AC2-4A12-A30C-0B489BE671C4}.AppStore|iPhone.ActiveCfg = Debug|Any CPU
		{CBAB2A9B-1AC2-4A12-A30C-0B489BE671C4}.AppStore|iPhone.Build.0 = Debug|Any CPU
		{CBAB2A9B-1AC2-4A12-A30C-0B489BE671C4}.AppStore|iPhone.Deploy.0 = Debug|Any CPU
		{CBAB2A9B-1AC2-4A12-A30C-0B489BE671C4}.AppStore|iPhoneSimulator.ActiveCfg = Debug|Any CPU
		{CBAB2A9B-1AC2-4A12-A30C-0B489BE671C4}.AppStore|iPhoneSimulator.Build.0 = Debug|Any CPU
		{CBAB2A9B-1AC2-4A12-A30C-0B489BE671C4}.AppStore|iPhoneSimulator.Deploy.0 = Debug|Any CPU
		{CBAB2A9B-1AC2-4A12-A30C-0B489BE671C4}.AppStore|x64.ActiveCfg = Debug|Any CPU
		{CBAB2A9B-1AC2-4A12-A30C-0B489BE671C4}.AppStore|x64.Build.0 = Debug|Any CPU
		{CBAB2A9B-1AC2-4A12-A30C-0B489BE671C4}.AppStore|x64.Deploy.0 = Debug|Any CPU
		{CBAB2A9B-1AC2-4A12-A30C-0B489BE671C4}.AppStore|x86.ActiveCfg = Debug|Any CPU
		{CBAB2A9B-1AC2-4A12-A30C-0B489BE671C4}.AppStore|x86.Build.0 = Debug|Any CPU
		{CBAB2A9B-1AC2-4A12-A30C-0B489BE671C4}.AppStore|x86.Deploy.0 = Debug|Any CPU
		{CBAB2A9B-1AC2-4A12-A30C-0B489BE671C4}.Debug|Any CPU.ActiveCfg = Debug|Any CPU
		{CBAB2A9B-1AC2-4A12-A30C-0B489BE671C4}.Debug|Any CPU.Build.0 = Debug|Any CPU
		{CBAB2A9B-1AC2-4A12-A30C-0B489BE671C4}.Debug|Any CPU.Deploy.0 = Debug|Any CPU
		{CBAB2A9B-1AC2-4A12-A30C-0B489BE671C4}.Debug|ARM.ActiveCfg = Debug|Any CPU
		{CBAB2A9B-1AC2-4A12-A30C-0B489BE671C4}.Debug|ARM.Build.0 = Debug|Any CPU
		{CBAB2A9B-1AC2-4A12-A30C-0B489BE671C4}.Debug|ARM.Deploy.0 = Debug|Any CPU
		{CBAB2A9B-1AC2-4A12-A30C-0B489BE671C4}.Debug|iPhone.ActiveCfg = Debug|Any CPU
		{CBAB2A9B-1AC2-4A12-A30C-0B489BE671C4}.Debug|iPhone.Build.0 = Debug|Any CPU
		{CBAB2A9B-1AC2-4A12-A30C-0B489BE671C4}.Debug|iPhone.Deploy.0 = Debug|Any CPU
		{CBAB2A9B-1AC2-4A12-A30C-0B489BE671C4}.Debug|iPhoneSimulator.ActiveCfg = Debug|Any CPU
		{CBAB2A9B-1AC2-4A12-A30C-0B489BE671C4}.Debug|iPhoneSimulator.Build.0 = Debug|Any CPU
		{CBAB2A9B-1AC2-4A12-A30C-0B489BE671C4}.Debug|iPhoneSimulator.Deploy.0 = Debug|Any CPU
		{CBAB2A9B-1AC2-4A12-A30C-0B489BE671C4}.Debug|x64.ActiveCfg = Debug|Any CPU
		{CBAB2A9B-1AC2-4A12-A30C-0B489BE671C4}.Debug|x64.Build.0 = Debug|Any CPU
		{CBAB2A9B-1AC2-4A12-A30C-0B489BE671C4}.Debug|x64.Deploy.0 = Debug|Any CPU
		{CBAB2A9B-1AC2-4A12-A30C-0B489BE671C4}.Debug|x86.ActiveCfg = Debug|Any CPU
		{CBAB2A9B-1AC2-4A12-A30C-0B489BE671C4}.Debug|x86.Build.0 = Debug|Any CPU
		{CBAB2A9B-1AC2-4A12-A30C-0B489BE671C4}.Debug|x86.Deploy.0 = Debug|Any CPU
		{CBAB2A9B-1AC2-4A12-A30C-0B489BE671C4}.Release|Any CPU.ActiveCfg = Release|Any CPU
		{CBAB2A9B-1AC2-4A12-A30C-0B489BE671C4}.Release|Any CPU.Build.0 = Release|Any CPU
		{CBAB2A9B-1AC2-4A12-A30C-0B489BE671C4}.Release|Any CPU.Deploy.0 = Release|Any CPU
		{CBAB2A9B-1AC2-4A12-A30C-0B489BE671C4}.Release|ARM.ActiveCfg = Release|Any CPU
		{CBAB2A9B-1AC2-4A12-A30C-0B489BE671C4}.Release|ARM.Build.0 = Release|Any CPU
		{CBAB2A9B-1AC2-4A12-A30C-0B489BE671C4}.Release|ARM.Deploy.0 = Release|Any CPU
		{CBAB2A9B-1AC2-4A12-A30C-0B489BE671C4}.Release|iPhone.ActiveCfg = Release|Any CPU
		{CBAB2A9B-1AC2-4A12-A30C-0B489BE671C4}.Release|iPhone.Build.0 = Release|Any CPU
		{CBAB2A9B-1AC2-4A12-A30C-0B489BE671C4}.Release|iPhone.Deploy.0 = Release|Any CPU
		{CBAB2A9B-1AC2-4A12-A30C-0B489BE671C4}.Release|iPhoneSimulator.ActiveCfg = Release|Any CPU
		{CBAB2A9B-1AC2-4A12-A30C-0B489BE671C4}.Release|iPhoneSimulator.Build.0 = Release|Any CPU
		{CBAB2A9B-1AC2-4A12-A30C-0B489BE671C4}.Release|iPhoneSimulator.Deploy.0 = Release|Any CPU
		{CBAB2A9B-1AC2-4A12-A30C-0B489BE671C4}.Release|x64.ActiveCfg = Release|Any CPU
		{CBAB2A9B-1AC2-4A12-A30C-0B489BE671C4}.Release|x64.Build.0 = Release|Any CPU
		{CBAB2A9B-1AC2-4A12-A30C-0B489BE671C4}.Release|x64.Deploy.0 = Release|Any CPU
		{CBAB2A9B-1AC2-4A12-A30C-0B489BE671C4}.Release|x86.ActiveCfg = Release|Any CPU
		{CBAB2A9B-1AC2-4A12-A30C-0B489BE671C4}.Release|x86.Build.0 = Release|Any CPU
		{CBAB2A9B-1AC2-4A12-A30C-0B489BE671C4}.Release|x86.Deploy.0 = Release|Any CPU
	EndGlobalSection
	GlobalSection(SolutionProperties) = preSolution
		HideSolutionNode = FALSE
	EndGlobalSection
	GlobalSection(ExtensibilityGlobals) = postSolution
		SolutionGuid = {855A66E7-9AB4-412A-B3C5-0289EFB00984}
	EndGlobalSection
EndGlobal
